
Microsoft Visual Studio Solution File, Format Version 12.00
# Visual Studio 2012
Project("{FAE04EC0-301F-11D3-BF4B-00C04F79EFBC}") = "dokimi.core", "dokimi.core\dokimi.core.csproj", "{269BC043-EA53-4974-9555-3661ED23D492}"
EndProject
Project("{FAE04EC0-301F-11D3-BF4B-00C04F79EFBC}") = "dokimi.nunit", "dokimi.nunit\dokimi.nunit.csproj", "{527A576C-0DCB-455B-A3B7-9F9BF7DF4452}"
EndProject
Project("{FAE04EC0-301F-11D3-BF4B-00C04F79EFBC}") = "dokimi", "dokimi\dokimi.csproj", "{7A61F364-D696-4869-BB69-A1605CC4DDFA}"
EndProject
Project("{2150E333-8FDC-42A3-9474-1A3956D46DE8}") = ".nuget", ".nuget", "{5E37B64A-EEBF-497C-831A-48B437386B56}"
	ProjectSection(SolutionItems) = preProject
		.nuget\NuGet.Config = .nuget\NuGet.Config
		.nuget\NuGet.exe = .nuget\NuGet.exe
		.nuget\NuGet.targets = .nuget\NuGet.targets
	EndProjectSection
EndProject
Project("{FAE04EC0-301F-11D3-BF4B-00C04F79EFBC}") = "dokimi.examples.sut", "dokimi.examples.sut\dokimi.examples.sut.csproj", "{F985EDB9-077B-46CD-949C-1380864959AD}"
EndProject
Global
	GlobalSection(SolutionConfigurationPlatforms) = preSolution
		Debug|Any CPU = Debug|Any CPU
		Release|Any CPU = Release|Any CPU
	EndGlobalSection
	GlobalSection(ProjectConfigurationPlatforms) = postSolution
		{269BC043-EA53-4974-9555-3661ED23D492}.Debug|Any CPU.ActiveCfg = Debug|Any CPU
		{269BC043-EA53-4974-9555-3661ED23D492}.Debug|Any CPU.Build.0 = Debug|Any CPU
		{269BC043-EA53-4974-9555-3661ED23D492}.Release|Any CPU.ActiveCfg = Release|Any CPU
		{269BC043-EA53-4974-9555-3661ED23D492}.Release|Any CPU.Build.0 = Release|Any CPU
		{527A576C-0DCB-455B-A3B7-9F9BF7DF4452}.Debug|Any CPU.ActiveCfg = Debug|Any CPU
		{527A576C-0DCB-455B-A3B7-9F9BF7DF4452}.Debug|Any CPU.Build.0 = Debug|Any CPU
		{527A576C-0DCB-455B-A3B7-9F9BF7DF4452}.Release|Any CPU.ActiveCfg = Release|Any CPU
		{527A576C-0DCB-455B-A3B7-9F9BF7DF4452}.Release|Any CPU.Build.0 = Release|Any CPU
		{7A61F364-D696-4869-BB69-A1605CC4DDFA}.Debug|Any CPU.ActiveCfg = Debug|Any CPU
		{7A61F364-D696-4869-BB69-A1605CC4DDFA}.Debug|Any CPU.Build.0 = Debug|Any CPU
		{7A61F364-D696-4869-BB69-A1605CC4DDFA}.Release|Any CPU.ActiveCfg = Release|Any CPU
		{7A61F364-D696-4869-BB69-A1605CC4DDFA}.Release|Any CPU.Build.0 = Release|Any CPU
		{F985EDB9-077B-46CD-949C-1380864959AD}.Debug|Any CPU.ActiveCfg = Debug|Any CPU
		{F985EDB9-077B-46CD-949C-1380864959AD}.Debug|Any CPU.Build.0 = Debug|Any CPU
		{F985EDB9-077B-46CD-949C-1380864959AD}.Release|Any CPU.ActiveCfg = Release|Any CPU
		{F985EDB9-077B-46CD-949C-1380864959AD}.Release|Any CPU.Build.0 = Release|Any CPU
	EndGlobalSection
	GlobalSection(SolutionProperties) = preSolution
		HideSolutionNode = FALSE
	EndGlobalSection
EndGlobal
